// !$*UTF8*$!
{
	archiveVersion = 1;
	classes = {
	};
	objectVersion = 77;
	objects = {

/* Begin PBXContainerItemProxy section */
		D65150412CD60CAD0089AECF /* PBXContainerItemProxy */ = {
			isa = PBXContainerItemProxy;
			containerPortal = D651501D2CD60CAB0089AECF /* Project object */;
			proxyType = 1;
			remoteGlobalIDString = D65150242CD60CAB0089AECF;
			remoteInfo = "Objective-C-MediaPlayer";
		};
		D651504B2CD60CAD0089AECF /* PBXContainerItemProxy */ = {
			isa = PBXContainerItemProxy;
			containerPortal = D651501D2CD60CAB0089AECF /* Project object */;
			proxyType = 1;
			remoteGlobalIDString = D65150242CD60CAB0089AECF;
			remoteInfo = "Objective-C-MediaPlayer";
		};
/* End PBXContainerItemProxy section */

/* Begin PBXFileReference section */
		D65150252CD60CAB0089AECF /* Objective-C-MediaPlayer.app */ = {isa = PBXFileReference; explicitFileType = wrapper.application; includeInIndex = 0; path = "Objective-C-MediaPlayer.app"; sourceTree = BUILT_PRODUCTS_DIR; };
		D65150402CD60CAD0089AECF /* Objective-C-MediaPlayerTests.xctest */ = {isa = PBXFileReference; explicitFileType = wrapper.cfbundle; includeInIndex = 0; path = "Objective-C-MediaPlayerTests.xctest"; sourceTree = BUILT_PRODUCTS_DIR; };
		D651504A2CD60CAD0089AECF /* Objective-C-MediaPlayerUITests.xctest */ = {isa = PBXFileReference; explicitFileType = wrapper.cfbundle; includeInIndex = 0; path = "Objective-C-MediaPlayerUITests.xctest"; sourceTree = BUILT_PRODUCTS_DIR; };
/* End PBXFileReference section */

/* Begin PBXFileSystemSynchronizedBuildFileExceptionSet section */
		D65150522CD60CAD0089AECF /* Exceptions for "Objective-C-MediaPlayer" folder in "Objective-C-MediaPlayer" target */ = {
			isa = PBXFileSystemSynchronizedBuildFileExceptionSet;
			membershipExceptions = (
				Info.plist,
			);
			target = D65150242CD60CAB0089AECF /* Objective-C-MediaPlayer */;
		};
/* End PBXFileSystemSynchronizedBuildFileExceptionSet section */

/* Begin PBXFileSystemSynchronizedRootGroup section */
		D65150272CD60CAB0089AECF /* Objective-C-MediaPlayer */ = {
			isa = PBXFileSystemSynchronizedRootGroup;
			exceptions = (
				D65150522CD60CAD0089AECF /* Exceptions for "Objective-C-MediaPlayer" folder in "Objective-C-MediaPlayer" target */,
			);
			path = "Objective-C-MediaPlayer";
			sourceTree = "<group>";
		};
		D65150432CD60CAD0089AECF /* Objective-C-MediaPlayerTests */ = {
			isa = PBXFileSystemSynchronizedRootGroup;
			path = "Objective-C-MediaPlayerTests";
			sourceTree = "<group>";
		};
		D651504D2CD60CAD0089AECF /* Objective-C-MediaPlayerUITests */ = {
			isa = PBXFileSystemSynchronizedRootGroup;
			path = "Objective-C-MediaPlayerUITests";
			sourceTree = "<group>";
		};
/* End PBXFileSystemSynchronizedRootGroup section */

/* Begin PBXFrameworksBuildPhase section */
		D65150222CD60CAB0089AECF /* Frameworks */ = {
			isa = PBXFrameworksBuildPhase;
			buildActionMask = 2147483647;
			files = (
			);
			runOnlyForDeploymentPostprocessing = 0;
		};
		D651503D2CD60CAD0089AECF /* Frameworks */ = {
			isa = PBXFrameworksBuildPhase;
			buildActionMask = 2147483647;
			files = (
			);
			runOnlyForDeploymentPostprocessing = 0;
		};
		D65150472CD60CAD0089AECF /* Frameworks */ = {
			isa = PBXFrameworksBuildPhase;
			buildActionMask = 2147483647;
			files = (
			);
			runOnlyForDeploymentPostprocessing = 0;
		};
/* End PBXFrameworksBuildPhase section */

/* Begin PBXGroup section */
		D651501C2CD60CAB0089AECF = {
			isa = PBXGroup;
			children = (
				D65150272CD60CAB0089AECF /* Objective-C-MediaPlayer */,
				D65150432CD60CAD0089AECF /* Objective-C-MediaPlayerTests */,
				D651504D2CD60CAD0089AECF /* Objective-C-MediaPlayerUITests */,
				D65150262CD60CAB0089AECF /* Products */,
			);
			sourceTree = "<group>";
		};
		D65150262CD60CAB0089AECF /* Products */ = {
			isa = PBXGroup;
			children = (
				D65150252CD60CAB0089AECF /* Objective-C-MediaPlayer.app */,
				D65150402CD60CAD0089AECF /* Objective-C-MediaPlayerTests.xctest */,
				D651504A2CD60CAD0089AECF /* Objective-C-MediaPlayerUITests.xctest */,
			);
			name = Products;
			sourceTree = "<group>";
		};
/* End PBXGroup section */

/* Begin PBXNativeTarget section */
		D65150242CD60CAB0089AECF /* Objective-C-MediaPlayer */ = {
			isa = PBXNativeTarget;
			buildConfigurationList = D65150532CD60CAD0089AECF /* Build configuration list for PBXNativeTarget "Objective-C-MediaPlayer" */;
			buildPhases = (
				D65150212CD60CAB0089AECF /* Sources */,
				D65150222CD60CAB0089AECF /* Frameworks */,
				D65150232CD60CAB0089AECF /* Resources */,
			);
			buildRules = (
			);
			dependencies = (
			);
			fileSystemSynchronizedGroups = (
				D65150272CD60CAB0089AECF /* Objective-C-MediaPlayer */,
			);
			name = "Objective-C-MediaPlayer";
			packageProductDependencies = (
			);
			productName = "Objective-C-MediaPlayer";
			productReference = D65150252CD60CAB0089AECF /* Objective-C-MediaPlayer.app */;
			productType = "com.apple.product-type.application";
		};
		D651503F2CD60CAD0089AECF /* Objective-C-MediaPlayerTests */ = {
			isa = PBXNativeTarget;
			buildConfigurationList = D65150582CD60CAD0089AECF /* Build configuration list for PBXNativeTarget "Objective-C-MediaPlayerTests" */;
			buildPhases = (
				D651503C2CD60CAD0089AECF /* Sources */,
				D651503D2CD60CAD0089AECF /* Frameworks */,
				D651503E2CD60CAD0089AECF /* Resources */,
			);
			buildRules = (
			);
			dependencies = (
				D65150422CD60CAD0089AECF /* PBXTargetDependency */,
			);
			fileSystemSynchronizedGroups = (
				D65150432CD60CAD0089AECF /* Objective-C-MediaPlayerTests */,
			);
			name = "Objective-C-MediaPlayerTests";
			packageProductDependencies = (
			);
			productName = "Objective-C-MediaPlayerTests";
			productReference = D65150402CD60CAD0089AECF /* Objective-C-MediaPlayerTests.xctest */;
			productType = "com.apple.product-type.bundle.unit-test";
		};
		D65150492CD60CAD0089AECF /* Objective-C-MediaPlayerUITests */ = {
			isa = PBXNativeTarget;
			buildConfigurationList = D651505B2CD60CAD0089AECF /* Build configuration list for PBXNativeTarget "Objective-C-MediaPlayerUITests" */;
			buildPhases = (
				D65150462CD60CAD0089AECF /* Sources */,
				D65150472CD60CAD0089AECF /* Frameworks */,
				D65150482CD60CAD0089AECF /* Resources */,
			);
			buildRules = (
			);
			dependencies = (
				D651504C2CD60CAD0089AECF /* PBXTargetDependency */,
			);
			fileSystemSynchronizedGroups = (
				D651504D2CD60CAD0089AECF /* Objective-C-MediaPlayerUITests */,
			);
			name = "Objective-C-MediaPlayerUITests";
			packageProductDependencies = (
			);
			productName = "Objective-C-MediaPlayerUITests";
			productReference = D651504A2CD60CAD0089AECF /* Objective-C-MediaPlayerUITests.xctest */;
			productType = "com.apple.product-type.bundle.ui-testing";
		};
/* End PBXNativeTarget section */

/* Begin PBXProject section */
		D651501D2CD60CAB0089AECF /* Project object */ = {
			isa = PBXProject;
			attributes = {
				BuildIndependentTargetsInParallel = 1;
				LastUpgradeCheck = 1600;
				TargetAttributes = {
					D65150242CD60CAB0089AECF = {
						CreatedOnToolsVersion = 16.0;
					};
					D651503F2CD60CAD0089AECF = {
						CreatedOnToolsVersion = 16.0;
						TestTargetID = D65150242CD60CAB0089AECF;
					};
					D65150492CD60CAD0089AECF = {
						CreatedOnToolsVersion = 16.0;
						TestTargetID = D65150242CD60CAB0089AECF;
					};
				};
			};
			buildConfigurationList = D65150202CD60CAB0089AECF /* Build configuration list for PBXProject "Objective-C-MediaPlayer" */;
			developmentRegion = en;
			hasScannedForEncodings = 0;
			knownRegions = (
				en,
				Base,
			);
			mainGroup = D651501C2CD60CAB0089AECF;
			minimizedProjectReferenceProxies = 1;
			preferredProjectObjectVersion = 77;
			productRefGroup = D65150262CD60CAB0089AECF /* Products */;
			projectDirPath = "";
			projectRoot = "";
			targets = (
				D65150242CD60CAB0089AECF /* Objective-C-MediaPlayer */,
				D651503F2CD60CAD0089AECF /* Objective-C-MediaPlayerTests */,
				D65150492CD60CAD0089AECF /* Objective-C-MediaPlayerUITests */,
			);
		};
/* End PBXProject section */

/* Begin PBXResourcesBuildPhase section */
		D65150232CD60CAB0089AECF /* Resources */ = {
			isa = PBXResourcesBuildPhase;
			buildActionMask = 2147483647;
			files = (
			);
			runOnlyForDeploymentPostprocessing = 0;
		};
		D651503E2CD60CAD0089AECF /* Resources */ = {
			isa = PBXResourcesBuildPhase;
			buildActionMask = 2147483647;
			files = (
			);
			runOnlyForDeploymentPostprocessing = 0;
		};
		D65150482CD60CAD0089AECF /* Resources */ = {
			isa = PBXResourcesBuildPhase;
			buildActionMask = 2147483647;
			files = (
			);
			runOnlyForDeploymentPostprocessing = 0;
		};
/* End PBXResourcesBuildPhase section */

/* Begin PBXSourcesBuildPhase section */
		D65150212CD60CAB0089AECF /* Sources */ = {
			isa = PBXSourcesBuildPhase;
			buildActionMask = 2147483647;
			files = (
			);
			runOnlyForDeploymentPostprocessing = 0;
		};
		D651503C2CD60CAD0089AECF /* Sources */ = {
			isa = PBXSourcesBuildPhase;
			buildActionMask = 2147483647;
			files = (
			);
			runOnlyForDeploymentPostprocessing = 0;
		};
		D65150462CD60CAD0089AECF /* Sources */ = {
			isa = PBXSourcesBuildPhase;
			buildActionMask = 2147483647;
			files = (
			);
			runOnlyForDeploymentPostprocessing = 0;
		};
/* End PBXSourcesBuildPhase section */

/* Begin PBXTargetDependency section */
		D65150422CD60CAD0089AECF /* PBXTargetDependency */ = {
			isa = PBXTargetDependency;
			target = D65150242CD60CAB0089AECF /* Objective-C-MediaPlayer */;
			targetProxy = D65150412CD60CAD0089AECF /* PBXContainerItemProxy */;
		};
		D651504C2CD60CAD0089AECF /* PBXTargetDependency */ = {
			isa = PBXTargetDependency;
			target = D65150242CD60CAB0089AECF /* Objective-C-MediaPlayer */;
			targetProxy = D651504B2CD60CAD0089AECF /* PBXContainerItemProxy */;
		};
/* End PBXTargetDependency section */

/* Begin XCBuildConfiguration section */
		D65150542CD60CAD0089AECF /* Debug */ = {
			isa = XCBuildConfiguration;
			buildSettings = {
				ASSETCATALOG_COMPILER_APPICON_NAME = AppIcon;
				ASSETCATALOG_COMPILER_GLOBAL_ACCENT_COLOR_NAME = AccentColor;
				CODE_SIGN_STYLE = Automatic;
				CURRENT_PROJECT_VERSION = 1;
				DEVELOPMENT_TEAM = K6LJCT8RAA;
				GENERATE_INFOPLIST_FILE = YES;
				INFOPLIST_FILE = "Objective-C-MediaPlayer/Info.plist";
				INFOPLIST_KEY_UIApplicationSupportsIndirectInputEvents = YES;
				INFOPLIST_KEY_UILaunchStoryboardName = LaunchScreen;
				INFOPLIST_KEY_UIMainStoryboardFile = Main;
				INFOPLIST_KEY_UISupportedInterfaceOrientations_iPad = "UIInterfaceOrientationPortrait UIInterfaceOrientationPortraitUpsideDown UIInterfaceOrientationLandscapeLeft UIInterfaceOrientationLandscapeRight";
				INFOPLIST_KEY_UISupportedInterfaceOrientations_iPhone = "UIInterfaceOrientationPortrait UIInterfaceOrientationLandscapeLeft UIInterfaceOrientationLandscapeRight";
				LD_RUNPATH_SEARCH_PATHS = (
					"$(inherited)",
					"@executable_path/Frameworks",
				);
				MARKETING_VERSION = 1.0;
				PRODUCT_BUNDLE_IDENTIFIER = "com.template.Objective-C-MediaPlayer";
				PRODUCT_NAME = "$(TARGET_NAME)";
				SWIFT_EMIT_LOC_STRINGS = YES;
				TARGETED_DEVICE_FAMILY = "1,2";
			};
			name = Debug;
		};
		D65150552CD60CAD0089AECF /* Release */ = {
			isa = XCBuildConfiguration;
			buildSettings = {
				ASSETCATALOG_COMPILER_APPICON_NAME = AppIcon;
				ASSETCATALOG_COMPILER_GLOBAL_ACCENT_COLOR_NAME = AccentColor;
				CODE_SIGN_STYLE = Automatic;
				CURRENT_PROJECT_VERSION = 1;
				DEVELOPMENT_TEAM = K6LJCT8RAA;
				GENERATE_INFOPLIST_FILE = YES;
				INFOPLIST_FILE = "Objective-C-MediaPlayer/Info.plist";
				INFOPLIST_KEY_UIApplicationSupportsIndirectInputEvents = YES;
				INFOPLIST_KEY_UILaunchStoryboardName = LaunchScreen;
				INFOPLIST_KEY_UIMainStoryboardFile = Main;
				INFOPLIST_KEY_UISupportedInterfaceOrientations_iPad = "UIInterfaceOrientationPortrait UIInterfaceOrientationPortraitUpsideDown UIInterfaceOrientationLandscapeLeft UIInterfaceOrientationLandscapeRight";
				INFOPLIST_KEY_UISupportedInterfaceOrientations_iPhone = "UIInterfaceOrientationPortrait UIInterfaceOrientationLandscapeLeft UIInterfaceOrientationLandscapeRight";
				LD_RUNPATH_SEARCH_PATHS = (
					"$(inherited)",
					"@executable_path/Frameworks",
				);
				MARKETING_VERSION = 1.0;
				PRODUCT_BUNDLE_IDENTIFIER = "com.template.Objective-C-MediaPlayer";
				PRODUCT_NAME = "$(TARGET_NAME)";
				SWIFT_EMIT_LOC_STRINGS = YES;
				TARGETED_DEVICE_FAMILY = "1,2";
			};
			name = Release;
		};
		D65150562CD60CAD0089AECF /* Debug */ = {
			isa = XCBuildConfiguration;
			buildSettings = {
				ALWAYS_SEARCH_USER_PATHS = NO;
				ASSETCATALOG_COMPILER_GENERATE_SWIFT_ASSET_SYMBOL_EXTENSIONS = YES;
				CLANG_ANALYZER_NONNULL = YES;
				CLANG_ANALYZER_NUMBER_OBJECT_CONVERSION = YES_AGGRESSIVE;
				CLANG_CXX_LANGUAGE_STANDARD = "gnu++20";
				CLANG_ENABLE_MODULES = YES;
				CLANG_ENABLE_OBJC_ARC = YES;
				CLANG_ENABLE_OBJC_WEAK = YES;
				CLANG_WARN_BLOCK_CAPTURE_AUTORELEASING = YES;
				CLANG_WARN_BOOL_CONVERSION = YES;
				CLANG_WARN_COMMA = YES;
				CLANG_WARN_CONSTANT_CONVERSION = YES;
				CLANG_WARN_DEPRECATED_OBJC_IMPLEMENTATIONS = YES;
				CLANG_WARN_DIRECT_OBJC_ISA_USAGE = YES_ERROR;
				CLANG_WARN_DOCUMENTATION_COMMENTS = YES;
				CLANG_WARN_EMPTY_BODY = YES;
				CLANG_WARN_ENUM_CONVERSION = YES;
				CLANG_WARN_INFINITE_RECURSION = YES;
				CLANG_WARN_INT_CONVERSION = YES;
				CLANG_WARN_NON_LITERAL_NULL_CONVERSION = YES;
				CLANG_WARN_OBJC_IMPLICIT_RETAIN_SELF = YES;
				CLANG_WARN_OBJC_LITERAL_CONVERSION = YES;
				CLANG_WARN_OBJC_ROOT_CLASS = YES_ERROR;
				CLANG_WARN_QUOTED_INCLUDE_IN_FRAMEWORK_HEADER = YES;
				CLANG_WARN_RANGE_LOOP_ANALYSIS = YES;
				CLANG_WARN_STRICT_PROTOTYPES = YES;
				CLANG_WARN_SUSPICIOUS_MOVE = YES;
				CLANG_WARN_UNGUARDED_AVAILABILITY = YES_AGGRESSIVE;
				CLANG_WARN_UNREACHABLE_CODE = YES;
				CLANG_WARN__DUPLICATE_METHOD_MATCH = YES;
				COPY_PHASE_STRIP = NO;
				DEBUG_INFORMATION_FORMAT = dwarf;
				ENABLE_STRICT_OBJC_MSGSEND = YES;
				ENABLE_TESTABILITY = YES;
				ENABLE_USER_SCRIPT_SANDBOXING = YES;
				GCC_C_LANGUAGE_STANDARD = gnu17;
				GCC_DYNAMIC_NO_PIC = NO;
				GCC_NO_COMMON_BLOCKS = YES;
				GCC_OPTIMIZATION_LEVEL = 0;
				GCC_PREPROCESSOR_DEFINITIONS = (
					"DEBUG=1",
					"$(inherited)",
				);
				GCC_WARN_64_TO_32_BIT_CONVERSION = YES;
				GCC_WARN_ABOUT_RETURN_TYPE = YES_ERROR;
				GCC_WARN_UNDECLARED_SELECTOR = YES;
				GCC_WARN_UNINITIALIZED_AUTOS = YES_AGGRESSIVE;
				GCC_WARN_UNUSED_FUNCTION = YES;
				GCC_WARN_UNUSED_VARIABLE = YES;
				IPHONEOS_DEPLOYMENT_TARGET = 18.0;
				LOCALIZATION_PREFERS_STRING_CATALOGS = YES;
				MTL_ENABLE_DEBUG_INFO = INCLUDE_SOURCE;
				MTL_FAST_MATH = YES;
				ONLY_ACTIVE_ARCH = YES;
				SDKROOT = iphoneos;
			};
			name = Debug;
		};
		D65150572CD60CAD0089AECF /* Release */ = {
			isa = XCBuildConfiguration;
			buildSettings = {
				ALWAYS_SEARCH_USER_PATHS = NO;
				ASSETCATALOG_COMPILER_GENERATE_SWIFT_ASSET_SYMBOL_EXTENSIONS = YES;
				CLANG_ANALYZER_NONNULL = YES;
				CLANG_ANALYZER_NUMBER_OBJECT_CONVERSION = YES_AGGRESSIVE;
				CLANG_CXX_LANGUAGE_STANDARD = "gnu++20";
				CLANG_ENABLE_MODULES = YES;
				CLANG_ENABLE_OBJC_ARC = YES;
				CLANG_ENABLE_OBJC_WEAK = YES;
				CLANG_WARN_BLOCK_CAPTURE_AUTORELEASING = YES;
				CLANG_WARN_BOOL_CONVERSION = YES;
				CLANG_WARN_COMMA = YES;
				CLANG_WARN_CONSTANT_CONVERSION = YES;
				CLANG_WARN_DEPRECATED_OBJC_IMPLEMENTATIONS = YES;
				CLANG_WARN_DIRECT_OBJC_ISA_USAGE = YES_ERROR;
				CLANG_WARN_DOCUMENTATION_COMMENTS = YES;
				CLANG_WARN_EMPTY_BODY = YES;
				CLANG_WARN_ENUM_CONVERSION = YES;
				CLANG_WARN_INFINITE_RECURSION = YES;
				CLANG_WARN_INT_CONVERSION = YES;
				CLANG_WARN_NON_LITERAL_NULL_CONVERSION = YES;
				CLANG_WARN_OBJC_IMPLICIT_RETAIN_SELF = YES;
				CLANG_WARN_OBJC_LITERAL_CONVERSION = YES;
				CLANG_WARN_OBJC_ROOT_CLASS = YES_ERROR;
				CLANG_WARN_QUOTED_INCLUDE_IN_FRAMEWORK_HEADER = YES;
				CLANG_WARN_RANGE_LOOP_ANALYSIS = YES;
				CLANG_WARN_STRICT_PROTOTYPES = YES;
				CLANG_WARN_SUSPICIOUS_MOVE = YES;
				CLANG_WARN_UNGUARDED_AVAILABILITY = YES_AGGRESSIVE;
				CLANG_WARN_UNREACHABLE_CODE = YES;
				CLANG_WARN__DUPLICATE_METHOD_MATCH = YES;
				COPY_PHASE_STRIP = NO;
				DEBUG_INFORMATION_FORMAT = "dwarf-with-dsym";
				ENABLE_NS_ASSERTIONS = NO;
				ENABLE_STRICT_OBJC_MSGSEND = YES;
				ENABLE_USER_SCRIPT_SANDBOXING = YES;
				GCC_C_LANGUAGE_STANDARD = gnu17;
				GCC_NO_COMMON_BLOCKS = YES;
				GCC_WARN_64_TO_32_BIT_CONVERSION = YES;
				GCC_WARN_ABOUT_RETURN_TYPE = YES_ERROR;
				GCC_WARN_UNDECLARED_SELECTOR = YES;
				GCC_WARN_UNINITIALIZED_AUTOS = YES_AGGRESSIVE;
				GCC_WARN_UNUSED_FUNCTION = YES;
				GCC_WARN_UNUSED_VARIABLE = YES;
				IPHONEOS_DEPLOYMENT_TARGET = 18.0;
				LOCALIZATION_PREFERS_STRING_CATALOGS = YES;
				MTL_ENABLE_DEBUG_INFO = NO;
				MTL_FAST_MATH = YES;
				SDKROOT = iphoneos;
				VALIDATE_PRODUCT = YES;
			};
			name = Release;
		};
		D65150592CD60CAD0089AECF /* Debug */ = {
			isa = XCBuildConfiguration;
			buildSettings = {
				BUNDLE_LOADER = "$(TEST_HOST)";
				CODE_SIGN_STYLE = Automatic;
				CURRENT_PROJECT_VERSION = 1;
				DEVELOPMENT_TEAM = K6LJCT8RAA;
				GENERATE_INFOPLIST_FILE = YES;
				IPHONEOS_DEPLOYMENT_TARGET = 18.0;
				MARKETING_VERSION = 1.0;
				PRODUCT_BUNDLE_IDENTIFIER = "com.template.Objective-C-MediaPlayerTests";
				PRODUCT_NAME = "$(TARGET_NAME)";
				SWIFT_EMIT_LOC_STRINGS = NO;
				TARGETED_DEVICE_FAMILY = "1,2";
				TEST_HOST = "$(BUILT_PRODUCTS_DIR)/Objective-C-MediaPlayer.app/$(BUNDLE_EXECUTABLE_FOLDER_PATH)/Objective-C-MediaPlayer";
			};
			name = Debug;
		};
		D651505A2CD60CAD0089AECF /* Release */ = {
			isa = XCBuildConfiguration;
			buildSettings = {
				BUNDLE_LOADER = "$(TEST_HOST)";
				CODE_SIGN_STYLE = Automatic;
				CURRENT_PROJECT_VERSION = 1;
				DEVELOPMENT_TEAM = K6LJCT8RAA;
				GENERATE_INFOPLIST_FILE = YES;
				IPHONEOS_DEPLOYMENT_TARGET = 18.0;
				MARKETING_VERSION = 1.0;
				PRODUCT_BUNDLE_IDENTIFIER = "com.template.Objective-C-MediaPlayerTests";
				PRODUCT_NAME = "$(TARGET_NAME)";
				SWIFT_EMIT_LOC_STRINGS = NO;
				TARGETED_DEVICE_FAMILY = "1,2";
				TEST_HOST = "$(BUILT_PRODUCTS_DIR)/Objective-C-MediaPlayer.app/$(BUNDLE_EXECUTABLE_FOLDER_PATH)/Objective-C-MediaPlayer";
			};
			name = Release;
		};
		D651505C2CD60CAD0089AECF /* Debug */ = {
			isa = XCBuildConfiguration;
			buildSettings = {
				CODE_SIGN_STYLE = Automatic;
				CURRENT_PROJECT_VERSION = 1;
				DEVELOPMENT_TEAM = K6LJCT8RAA;
				GENERATE_INFOPLIST_FILE = YES;
				MARKETING_VERSION = 1.0;
				PRODUCT_BUNDLE_IDENTIFIER = "com.template.Objective-C-MediaPlayerUITests";
				PRODUCT_NAME = "$(TARGET_NAME)";
				SWIFT_EMIT_LOC_STRINGS = NO;
				TARGETED_DEVICE_FAMILY = "1,2";
				TEST_TARGET_NAME = "Objective-C-MediaPlayer";
			};
			name = Debug;
		};
		D651505D2CD60CAD0089AECF /* Release */ = {
			isa = XCBuildConfiguration;
			buildSettings = {
				CODE_SIGN_STYLE = Automatic;
				CURRENT_PROJECT_VERSION = 1;
				DEVELOPMENT_TEAM = K6LJCT8RAA;
				GENERATE_INFOPLIST_FILE = YES;
				MARKETING_VERSION = 1.0;
				PRODUCT_BUNDLE_IDENTIFIER = "com.template.Objective-C-MediaPlayerUITests";
				PRODUCT_NAME = "$(TARGET_NAME)";
				SWIFT_EMIT_LOC_STRINGS = NO;
				TARGETED_DEVICE_FAMILY = "1,2";
				TEST_TARGET_NAME = "Objective-C-MediaPlayer";
			};
			name = Release;
		};
/* End XCBuildConfiguration section */

/* Begin XCConfigurationList section */
		D65150202CD60CAB0089AECF /* Build configuration list for PBXProject "Objective-C-MediaPlayer" */ = {
			isa = XCConfigurationList;
			buildConfigurations = (
				D65150562CD60CAD0089AECF /* Debug */,
				D65150572CD60CAD0089AECF /* Release */,
			);
			defaultConfigurationIsVisible = 0;
			defaultConfigurationName = Release;
		};
		D65150532CD60CAD0089AECF /* Build configuration list for PBXNativeTarget "Objective-C-MediaPlayer" */ = {
			isa = XCConfigurationList;
			buildConfigurations = (
				D65150542CD60CAD0089AECF /* Debug */,
				D65150552CD60CAD0089AECF /* Release */,
			);
			defaultConfigurationIsVisible = 0;
			defaultConfigurationName = Release;
		};
		D65150582CD60CAD0089AECF /* Build configuration list for PBXNativeTarget "Objective-C-MediaPlayerTests" */ = {
			isa = XCConfigurationList;
			buildConfigurations = (
				D65150592CD60CAD0089AECF /* Debug */,
				D651505A2CD60CAD0089AECF /* Release */,
			);
			defaultConfigurationIsVisible = 0;
			defaultConfigurationName = Release;
		};
		D651505B2CD60CAD0089AECF /* Build configuration list for PBXNativeTarget "Objective-C-MediaPlayerUITests" */ = {
			isa = XCConfigurationList;
			buildConfigurations = (
				D651505C2CD60CAD0089AECF /* Debug */,
				D651505D2CD60CAD0089AECF /* Release */,
			);
			defaultConfigurationIsVisible = 0;
			defaultConfigurationName = Release;
		};
/* End XCConfigurationList section */
	};
	rootObject = D651501D2CD60CAB0089AECF /* Project object */;
}
